
Microsoft Visual Studio Solution File, Format Version 12.00
# Visual Studio Version 17
VisualStudioVersion = 17.14.36414.22
MinimumVisualStudioVersion = 10.0.40219.1
Project("{FAE04EC0-301F-11D3-BF4B-00C04F79EFBC}") = "IndiceDeMasaCorporal.Console", "IndiceDeMasaCorporal.Console\IndiceDeMasaCorporal.Console.csproj", "{E30D93D4-6989-4DB1-943C-C03382800B30}"
EndProject
Project("{FAE04EC0-301F-11D3-BF4B-00C04F79EFBC}") = "IndiceDeMasaCorporal.Gui", "IndiceDeMasaCorporal.Gui\IndiceDeMasaCorporal.Gui.csproj", "{880B39BC-FD63-438F-B7FA-2577CFF95A5F}"
EndProject
Global
	GlobalSection(SolutionConfigurationPlatforms) = preSolution
		Debug|Any CPU = Debug|Any CPU
		Release|Any CPU = Release|Any CPU
	EndGlobalSection
	GlobalSection(ProjectConfigurationPlatforms) = postSolution
		{E30D93D4-6989-4DB1-943C-C03382800B30}.Debug|Any CPU.ActiveCfg = Debug|Any CPU
		{E30D93D4-6989-4DB1-943C-C03382800B30}.Debug|Any CPU.Build.0 = Debug|Any CPU
		{E30D93D4-6989-4DB1-943C-C03382800B30}.Release|Any CPU.ActiveCfg = Release|Any CPU
		{E30D93D4-6989-4DB1-943C-C03382800B30}.Release|Any CPU.Build.0 = Release|Any CPU
		{880B39BC-FD63-438F-B7FA-2577CFF95A5F}.Debug|Any CPU.ActiveCfg = Debug|Any CPU
		{880B39BC-FD63-438F-B7FA-2577CFF95A5F}.Debug|Any CPU.Build.0 = Debug|Any CPU
		{880B39BC-FD63-438F-B7FA-2577CFF95A5F}.Debug|Any CPU.Deploy.0 = Debug|Any CPU
		{880B39BC-FD63-438F-B7FA-2577CFF95A5F}.Release|Any CPU.ActiveCfg = Release|Any CPU
		{880B39BC-FD63-438F-B7FA-2577CFF95A5F}.Release|Any CPU.Build.0 = Release|Any CPU
	EndGlobalSection
	GlobalSection(SolutionProperties) = preSolution
		HideSolutionNode = FALSE
	EndGlobalSection
	GlobalSection(ExtensibilityGlobals) = postSolution
		SolutionGuid = {1E3A421D-5280-4C94-B77B-C74974CA1810}
	EndGlobalSection
EndGlobal
